<?xml version="1.0" encoding="UTF-8" standalone="yes" ?>
<CodeBlocks_project_file>
	<FileVersion major="1" minor="6" />
	<Project>
		<Option title="editor" />
		<Option pch_mode="2" />
		<Option compiler="gcc" />
		<Build>
			<Target title="Debug">
				<Option output="bin/Debug/rs" prefix_auto="1" extension_auto="1" />
				<Option object_output="obj/Debug/" />
				<Option type="1" />
				<Option compiler="gcc" />
				<Compiler>
					<Add option="-pedantic" />
					<Add option="-Wfatal-errors" />
					<Add option="-Wextra" />
					<Add option="-Wall" />
					<Add option="-std=c11" />
					<Add option="-pg" />
					<Add option="-Og" />
					<Add option="-g" />
				</Compiler>
				<Linker>
					<Add option="-pg" />
				</Linker>
			</Target>
			<Target title="Release">
				<Option output="bin/Release/rs" prefix_auto="1" extension_auto="1" />
				<Option object_output="obj/Release/" />
				<Option type="1" />
				<Option compiler="gcc" />
				<Compiler>
					<Add option="-O2" />
				</Compiler>
				<Linker>
					<Add option="-s" />
				</Linker>
			</Target>
		</Build>
		<Compiler>
			<Add option="-Wno-format-truncation" />
			<Add directory="/home/cegdd/Documents/dev/cegdd_ui" />
		</Compiler>
		<Linker>
			<Add library="pthread" />
			<Add library="SDL2main" />
			<Add library="SDL2" />
			<Add library="SDL2_image" />
			<Add library="SDL2_ttf" />
			<Add library="SDL2_mixer" />
			<Add library="GL" />
			<Add library="GLU" />
			<Add library="m" />
			<Add library="/home/cegdd/Documents/dev/cegdd_ui/bin/Debug/libLIBcegdd_UI.a" />
			<Add directory="/home/cegdd/Bureau/cegdd_ui/bin/Debug" />
		</Linker>
		<Unit filename="bouton.c">
			<Option compilerVar="CC" />
		</Unit>
		<Unit filename="bouton.h" />
		<Unit filename="clavier.c">
			<Option compilerVar="CC" />
		</Unit>
		<Unit filename="clavier.h" />
		<Unit filename="coche.h" />
		<Unit filename="console.c">
			<Option compilerVar="CC" />
		</Unit>
		<Unit filename="console.h" />
		<Unit filename="data.c">
			<Option compilerVar="CC" />
		</Unit>
		<Unit filename="data.h" />
		<Unit filename="editeur.c">
			<Option compilerVar="CC" />
		</Unit>
		<Unit filename="editeur.h" />
		<Unit filename="espece.c">
			<Option compilerVar="CC" />
		</Unit>
		<Unit filename="espece.h" />
		<Unit filename="evenement.c">
			<Option compilerVar="CC" />
		</Unit>
		<Unit filename="evenement.h" />
		<Unit filename="image.c">
			<Option compilerVar="CC" />
		</Unit>
		<Unit filename="image.h" />
		<Unit filename="main.c">
			<Option compilerVar="CC" />
		</Unit>
		<Unit filename="main.h" />
		<Unit filename="mob.h" />
		<Unit filename="path.c">
			<Option compilerVar="CC" />
		</Unit>
		<Unit filename="path.h" />
		<Unit filename="save.c">
			<Option compilerVar="CC" />
		</Unit>
		<Unit filename="save.h" />
		<Unit filename="systeme.c">
			<Option compilerVar="CC" />
		</Unit>
		<Unit filename="systeme.h" />
		<Unit filename="ui.c">
			<Option compilerVar="CC" />
		</Unit>
		<Unit filename="ui.h" />
		<Extensions>
			<lib_finder disable_auto="1" />
		</Extensions>
	</Project>
</CodeBlocks_project_file>
